// !$*UTF8*$!
{
	archiveVersion = 1;
	classes = {
	};
	objectVersion = 48;
	objects = {

/* Begin PBXBuildFile section */
		5A0EF1F91FE5873300456285 /* WebViewController.swift in Sources */ = {isa = PBXBuildFile; fileRef = 5A0EF1F81FE5873300456285 /* WebViewController.swift */; };
		5AC564591FE45B86000B9514 /* js_api_bundle.js in Resources */ = {isa = PBXBuildFile; fileRef = 5AC564581FE45B86000B9514 /* js_api_bundle.js */; };
		5AC5645D1FE45C0F000B9514 /* MathNamespace.swift in Sources */ = {isa = PBXBuildFile; fileRef = 5AC5645C1FE45C0F000B9514 /* MathNamespace.swift */; };
		5AC5645F1FE460BA000B9514 /* WKJError.swift in Sources */ = {isa = PBXBuildFile; fileRef = 5AC5645E1FE460BA000B9514 /* WKJError.swift */; };
		5AC564611FE46302000B9514 /* AlertNamespace.swift in Sources */ = {isa = PBXBuildFile; fileRef = 5AC564601FE46302000B9514 /* AlertNamespace.swift */; };
		874262D01FD792CF0094618A /* AppDelegate.swift in Sources */ = {isa = PBXBuildFile; fileRef = 874262CF1FD792CF0094618A /* AppDelegate.swift */; };
		874262D21FD792CF0094618A /* ViewController.swift in Sources */ = {isa = PBXBuildFile; fileRef = 874262D11FD792CF0094618A /* ViewController.swift */; };
		874262D51FD792CF0094618A /* Main.storyboard in Resources */ = {isa = PBXBuildFile; fileRef = 874262D31FD792CF0094618A /* Main.storyboard */; };
		874262D71FD792CF0094618A /* Assets.xcassets in Resources */ = {isa = PBXBuildFile; fileRef = 874262D61FD792CF0094618A /* Assets.xcassets */; };
		874262DA1FD792CF0094618A /* LaunchScreen.storyboard in Resources */ = {isa = PBXBuildFile; fileRef = 874262D81FD792CF0094618A /* LaunchScreen.storyboard */; };
		874262E31FD793C70094618A /* WKJUserAgent.swift in Sources */ = {isa = PBXBuildFile; fileRef = 874262E21FD793C70094618A /* WKJUserAgent.swift */; };
		874262E71FD7965E0094618A /* WKJAPIStore.swift in Sources */ = {isa = PBXBuildFile; fileRef = 874262E61FD7965E0094618A /* WKJAPIStore.swift */; };
		874262EA1FD799500094618A /* WKJNamespace.swift in Sources */ = {isa = PBXBuildFile; fileRef = 874262E91FD799500094618A /* WKJNamespace.swift */; };
		874262ED1FD7C4360094618A /* WKJRuntime.swift in Sources */ = {isa = PBXBuildFile; fileRef = 874262EC1FD7C4360094618A /* WKJRuntime.swift */; };
		874262F91FD7CEB00094618A /* DemoPage in Resources */ = {isa = PBXBuildFile; fileRef = 874262F81FD7CEB00094618A /* DemoPage */; };
		874262FB1FD7D9530094618A /* WKJArgs.swift in Sources */ = {isa = PBXBuildFile; fileRef = 874262FA1FD7D9530094618A /* WKJArgs.swift */; };
		874262FD1FD7EB380094618A /* WKJPromiseProxy.swift in Sources */ = {isa = PBXBuildFile; fileRef = 874262FC1FD7EB380094618A /* WKJPromiseProxy.swift */; };
		877278501FEBABAB00980D8C /* WebViewController+WKUIDelegate.swift in Sources */ = {isa = PBXBuildFile; fileRef = 8772784F1FEBABAB00980D8C /* WebViewController+WKUIDelegate.swift */; };
		877278521FEBABFD00980D8C /* WebViewController+WKNavigationDelegate.swift in Sources */ = {isa = PBXBuildFile; fileRef = 877278511FEBABFD00980D8C /* WebViewController+WKNavigationDelegate.swift */; };
		878A4CA2202A9C2E00ED26E6 /* WKJEncodable.swift in Sources */ = {isa = PBXBuildFile; fileRef = 878A4CA1202A9C2E00ED26E6 /* WKJEncodable.swift */; };
		878A4CA4202AA01700ED26E6 /* FactoryNamespace.swift in Sources */ = {isa = PBXBuildFile; fileRef = 878A4CA3202AA01700ED26E6 /* FactoryNamespace.swift */; };
		87D341DB1FE8EED000E575D4 /* WKJScriptMessageHandler.swift in Sources */ = {isa = PBXBuildFile; fileRef = 87D341DA1FE8EED000E575D4 /* WKJScriptMessageHandler.swift */; };
		87D341DD1FE8F6F100E575D4 /* WKJIncomingCallError.swift in Sources */ = {isa = PBXBuildFile; fileRef = 87D341DC1FE8F6F100E575D4 /* WKJIncomingCallError.swift */; };
		87D341DF1FE8FC7800E575D4 /* WKJFunc.swift in Sources */ = {isa = PBXBuildFile; fileRef = 87D341DE1FE8FC7800E575D4 /* WKJFunc.swift */; };
		87D341E11FE8FDE900E575D4 /* WKJContextProtocol.swift in Sources */ = {isa = PBXBuildFile; fileRef = 87D341E01FE8FDE900E575D4 /* WKJContextProtocol.swift */; };
		87D888431FEBAF6C00DB7BD2 /* GlobalTime.swift in Sources */ = {isa = PBXBuildFile; fileRef = 87D888421FEBAF6C00DB7BD2 /* GlobalTime.swift */; };
/* End PBXBuildFile section */

/* Begin PBXFileReference section */
		5A0EF1F81FE5873300456285 /* WebViewController.swift */ = {isa = PBXFileReference; lastKnownFileType = sourcecode.swift; path = WebViewController.swift; sourceTree = "<group>"; };
		5AC564581FE45B86000B9514 /* js_api_bundle.js */ = {isa = PBXFileReference; fileEncoding = 4; lastKnownFileType = sourcecode.javascript; path = js_api_bundle.js; sourceTree = "<group>"; };
		5AC5645C1FE45C0F000B9514 /* MathNamespace.swift */ = {isa = PBXFileReference; lastKnownFileType = sourcecode.swift; path = MathNamespace.swift; sourceTree = "<group>"; };
		5AC5645E1FE460BA000B9514 /* WKJError.swift */ = {isa = PBXFileReference; lastKnownFileType = sourcecode.swift; path = WKJError.swift; sourceTree = "<group>"; };
		5AC564601FE46302000B9514 /* AlertNamespace.swift */ = {isa = PBXFileReference; lastKnownFileType = sourcecode.swift; path = AlertNamespace.swift; sourceTree = "<group>"; };
		874262CC1FD792CF0094618A /* WKJoint.app */ = {isa = PBXFileReference; explicitFileType = wrapper.application; includeInIndex = 0; path = WKJoint.app; sourceTree = BUILT_PRODUCTS_DIR; };
		874262CF1FD792CF0094618A /* AppDelegate.swift */ = {isa = PBXFileReference; lastKnownFileType = sourcecode.swift; path = AppDelegate.swift; sourceTree = "<group>"; };
		874262D11FD792CF0094618A /* ViewController.swift */ = {isa = PBXFileReference; lastKnownFileType = sourcecode.swift; path = ViewController.swift; sourceTree = "<group>"; };
		874262D41FD792CF0094618A /* Base */ = {isa = PBXFileReference; lastKnownFileType = file.storyboard; name = Base; path = Base.lproj/Main.storyboard; sourceTree = "<group>"; };
		874262D61FD792CF0094618A /* Assets.xcassets */ = {isa = PBXFileReference; lastKnownFileType = folder.assetcatalog; path = Assets.xcassets; sourceTree = "<group>"; };
		874262D91FD792CF0094618A /* Base */ = {isa = PBXFileReference; lastKnownFileType = file.storyboard; name = Base; path = Base.lproj/LaunchScreen.storyboard; sourceTree = "<group>"; };
		874262DB1FD792CF0094618A /* Info.plist */ = {isa = PBXFileReference; lastKnownFileType = text.plist.xml; path = Info.plist; sourceTree = "<group>"; };
		874262E21FD793C70094618A /* WKJUserAgent.swift */ = {isa = PBXFileReference; lastKnownFileType = sourcecode.swift; path = WKJUserAgent.swift; sourceTree = "<group>"; };
		874262E61FD7965E0094618A /* WKJAPIStore.swift */ = {isa = PBXFileReference; lastKnownFileType = sourcecode.swift; path = WKJAPIStore.swift; sourceTree = "<group>"; };
		874262E91FD799500094618A /* WKJNamespace.swift */ = {isa = PBXFileReference; lastKnownFileType = sourcecode.swift; path = WKJNamespace.swift; sourceTree = "<group>"; };
		874262EC1FD7C4360094618A /* WKJRuntime.swift */ = {isa = PBXFileReference; lastKnownFileType = sourcecode.swift; path = WKJRuntime.swift; sourceTree = "<group>"; };
		874262F81FD7CEB00094618A /* DemoPage */ = {isa = PBXFileReference; lastKnownFileType = folder; path = DemoPage; sourceTree = "<group>"; };
		874262FA1FD7D9530094618A /* WKJArgs.swift */ = {isa = PBXFileReference; lastKnownFileType = sourcecode.swift; path = WKJArgs.swift; sourceTree = "<group>"; };
		874262FC1FD7EB380094618A /* WKJPromiseProxy.swift */ = {isa = PBXFileReference; lastKnownFileType = sourcecode.swift; path = WKJPromiseProxy.swift; sourceTree = "<group>"; };
		8772784F1FEBABAB00980D8C /* WebViewController+WKUIDelegate.swift */ = {isa = PBXFileReference; lastKnownFileType = sourcecode.swift; path = "WebViewController+WKUIDelegate.swift"; sourceTree = "<group>"; };
		877278511FEBABFD00980D8C /* WebViewController+WKNavigationDelegate.swift */ = {isa = PBXFileReference; lastKnownFileType = sourcecode.swift; path = "WebViewController+WKNavigationDelegate.swift"; sourceTree = "<group>"; };
		878A4CA1202A9C2E00ED26E6 /* WKJEncodable.swift */ = {isa = PBXFileReference; fileEncoding = 4; lastKnownFileType = sourcecode.swift; path = WKJEncodable.swift; sourceTree = "<group>"; };
		878A4CA3202AA01700ED26E6 /* FactoryNamespace.swift */ = {isa = PBXFileReference; fileEncoding = 4; lastKnownFileType = sourcecode.swift; path = FactoryNamespace.swift; sourceTree = "<group>"; };
		87D341DA1FE8EED000E575D4 /* WKJScriptMessageHandler.swift */ = {isa = PBXFileReference; lastKnownFileType = sourcecode.swift; path = WKJScriptMessageHandler.swift; sourceTree = "<group>"; };
		87D341DC1FE8F6F100E575D4 /* WKJIncomingCallError.swift */ = {isa = PBXFileReference; lastKnownFileType = sourcecode.swift; path = WKJIncomingCallError.swift; sourceTree = "<group>"; };
		87D341DE1FE8FC7800E575D4 /* WKJFunc.swift */ = {isa = PBXFileReference; lastKnownFileType = sourcecode.swift; path = WKJFunc.swift; sourceTree = "<group>"; };
		87D341E01FE8FDE900E575D4 /* WKJContextProtocol.swift */ = {isa = PBXFileReference; lastKnownFileType = sourcecode.swift; path = WKJContextProtocol.swift; sourceTree = "<group>"; };
		87D888421FEBAF6C00DB7BD2 /* GlobalTime.swift */ = {isa = PBXFileReference; lastKnownFileType = sourcecode.swift; path = GlobalTime.swift; sourceTree = "<group>"; };
/* End PBXFileReference section */

/* Begin PBXFrameworksBuildPhase section */
		874262C91FD792CF0094618A /* Frameworks */ = {
			isa = PBXFrameworksBuildPhase;
			buildActionMask = 2147483647;
			files = (
			);
			runOnlyForDeploymentPostprocessing = 0;
		};
/* End PBXFrameworksBuildPhase section */

/* Begin PBXGroup section */
		5AC5645A1FE45BA3000B9514 /* JavaScriptAPI */ = {
			isa = PBXGroup;
			children = (
				874262EB1FD7A06E0094618A /* Runtime */,
				5AC5645B1FE45C03000B9514 /* Namespaces */,
			);
			path = JavaScriptAPI;
			sourceTree = "<group>";
		};
		5AC5645B1FE45C03000B9514 /* Namespaces */ = {
			isa = PBXGroup;
			children = (
				878A4CA3202AA01700ED26E6 /* FactoryNamespace.swift */,
				5AC5645C1FE45C0F000B9514 /* MathNamespace.swift */,
				5AC564601FE46302000B9514 /* AlertNamespace.swift */,
			);
			path = Namespaces;
			sourceTree = "<group>";
		};
		874262C31FD792CF0094618A = {
			isa = PBXGroup;
			children = (
				874262CE1FD792CF0094618A /* WKJoint */,
				874262CD1FD792CF0094618A /* Products */,
			);
			sourceTree = "<group>";
		};
		874262CD1FD792CF0094618A /* Products */ = {
			isa = PBXGroup;
			children = (
				874262CC1FD792CF0094618A /* WKJoint.app */,
			);
			name = Products;
			sourceTree = "<group>";
		};
		874262CE1FD792CF0094618A /* WKJoint */ = {
			isa = PBXGroup;
			children = (
				874262F81FD7CEB00094618A /* DemoPage */,
				5AC5645A1FE45BA3000B9514 /* JavaScriptAPI */,
				874262E11FD792DB0094618A /* WKJoint */,
				8772784E1FEBAB5600980D8C /* ViewControllers */,
				874262CF1FD792CF0094618A /* AppDelegate.swift */,
				87D888421FEBAF6C00DB7BD2 /* GlobalTime.swift */,
				874262D31FD792CF0094618A /* Main.storyboard */,
				874262D61FD792CF0094618A /* Assets.xcassets */,
				874262D81FD792CF0094618A /* LaunchScreen.storyboard */,
				874262DB1FD792CF0094618A /* Info.plist */,
			);
			path = WKJoint;
			sourceTree = "<group>";
		};
		874262E11FD792DB0094618A /* WKJoint */ = {
			isa = PBXGroup;
			children = (
				87D341D81FE8EC0100E575D4 /* API */,
				878A4CA1202A9C2E00ED26E6 /* WKJEncodable.swift */,
				874262E21FD793C70094618A /* WKJUserAgent.swift */,
				874262EC1FD7C4360094618A /* WKJRuntime.swift */,
				87D341E01FE8FDE900E575D4 /* WKJContextProtocol.swift */,
			);
			path = WKJoint;
			sourceTree = "<group>";
		};
		874262EB1FD7A06E0094618A /* Runtime */ = {
			isa = PBXGroup;
			children = (
				5AC564581FE45B86000B9514 /* js_api_bundle.js */,
			);
			path = Runtime;
			sourceTree = "<group>";
		};
		8772784E1FEBAB5600980D8C /* ViewControllers */ = {
			isa = PBXGroup;
			children = (
				874262D11FD792CF0094618A /* ViewController.swift */,
				5A0EF1F81FE5873300456285 /* WebViewController.swift */,
				877278511FEBABFD00980D8C /* WebViewController+WKNavigationDelegate.swift */,
				8772784F1FEBABAB00980D8C /* WebViewController+WKUIDelegate.swift */,
			);
			path = ViewControllers;
			sourceTree = "<group>";
		};
		87D341D81FE8EC0100E575D4 /* API */ = {
			isa = PBXGroup;
			children = (
				87D341D91FE8EEBF00E575D4 /* Internal */,
				5AC5645E1FE460BA000B9514 /* WKJError.swift */,
				874262E91FD799500094618A /* WKJNamespace.swift */,
				87D341DE1FE8FC7800E575D4 /* WKJFunc.swift */,
				874262FA1FD7D9530094618A /* WKJArgs.swift */,
				874262FC1FD7EB380094618A /* WKJPromiseProxy.swift */,
				874262E61FD7965E0094618A /* WKJAPIStore.swift */,
			);
			path = API;
			sourceTree = "<group>";
		};
		87D341D91FE8EEBF00E575D4 /* Internal */ = {
			isa = PBXGroup;
			children = (
				87D341DA1FE8EED000E575D4 /* WKJScriptMessageHandler.swift */,
				87D341DC1FE8F6F100E575D4 /* WKJIncomingCallError.swift */,
			);
			path = Internal;
			sourceTree = "<group>";
		};
/* End PBXGroup section */

/* Begin PBXNativeTarget section */
		874262CB1FD792CF0094618A /* WKJoint */ = {
			isa = PBXNativeTarget;
			buildConfigurationList = 874262DE1FD792CF0094618A /* Build configuration list for PBXNativeTarget "WKJoint" */;
			buildPhases = (
				874262C81FD792CF0094618A /* Sources */,
				874262C91FD792CF0094618A /* Frameworks */,
				874262CA1FD792CF0094618A /* Resources */,
			);
			buildRules = (
			);
			dependencies = (
			);
			name = WKJoint;
			productName = WKJoint;
			productReference = 874262CC1FD792CF0094618A /* WKJoint.app */;
			productType = "com.apple.product-type.application";
		};
/* End PBXNativeTarget section */

/* Begin PBXProject section */
		874262C41FD792CF0094618A /* Project object */ = {
			isa = PBXProject;
			attributes = {
				LastSwiftUpdateCheck = 0920;
				LastUpgradeCheck = 0920;
				ORGANIZATIONNAME = Mgen;
				TargetAttributes = {
					874262CB1FD792CF0094618A = {
						CreatedOnToolsVersion = 9.2;
						ProvisioningStyle = Automatic;
					};
				};
			};
			buildConfigurationList = 874262C71FD792CF0094618A /* Build configuration list for PBXProject "WKJoint" */;
			compatibilityVersion = "Xcode 8.0";
			developmentRegion = en;
			hasScannedForEncodings = 0;
			knownRegions = (
				en,
				Base,
			);
			mainGroup = 874262C31FD792CF0094618A;
			productRefGroup = 874262CD1FD792CF0094618A /* Products */;
			projectDirPath = "";
			projectRoot = "";
			targets = (
				874262CB1FD792CF0094618A /* WKJoint */,
			);
		};
/* End PBXProject section */

/* Begin PBXResourcesBuildPhase section */
		874262CA1FD792CF0094618A /* Resources */ = {
			isa = PBXResourcesBuildPhase;
			buildActionMask = 2147483647;
			files = (
				874262DA1FD792CF0094618A /* LaunchScreen.storyboard in Resources */,
				5AC564591FE45B86000B9514 /* js_api_bundle.js in Resources */,
				874262D71FD792CF0094618A /* Assets.xcassets in Resources */,
				874262D51FD792CF0094618A /* Main.storyboard in Resources */,
				874262F91FD7CEB00094618A /* DemoPage in Resources */,
			);
			runOnlyForDeploymentPostprocessing = 0;
		};
/* End PBXResourcesBuildPhase section */

/* Begin PBXSourcesBuildPhase section */
		874262C81FD792CF0094618A /* Sources */ = {
			isa = PBXSourcesBuildPhase;
			buildActionMask = 2147483647;
			files = (
				87D341DF1FE8FC7800E575D4 /* WKJFunc.swift in Sources */,
				5AC564611FE46302000B9514 /* AlertNamespace.swift in Sources */,
				877278521FEBABFD00980D8C /* WebViewController+WKNavigationDelegate.swift in Sources */,
				874262D21FD792CF0094618A /* ViewController.swift in Sources */,
				5AC5645D1FE45C0F000B9514 /* MathNamespace.swift in Sources */,
				874262E71FD7965E0094618A /* WKJAPIStore.swift in Sources */,
				878A4CA2202A9C2E00ED26E6 /* WKJEncodable.swift in Sources */,
				874262E31FD793C70094618A /* WKJUserAgent.swift in Sources */,
				87D341DD1FE8F6F100E575D4 /* WKJIncomingCallError.swift in Sources */,
				874262FB1FD7D9530094618A /* WKJArgs.swift in Sources */,
				87D341E11FE8FDE900E575D4 /* WKJContextProtocol.swift in Sources */,
				874262FD1FD7EB380094618A /* WKJPromiseProxy.swift in Sources */,
				874262D01FD792CF0094618A /* AppDelegate.swift in Sources */,
				5AC5645F1FE460BA000B9514 /* WKJError.swift in Sources */,
				87D888431FEBAF6C00DB7BD2 /* GlobalTime.swift in Sources */,
				87D341DB1FE8EED000E575D4 /* WKJScriptMessageHandler.swift in Sources */,
				877278501FEBABAB00980D8C /* WebViewController+WKUIDelegate.swift in Sources */,
				874262EA1FD799500094618A /* WKJNamespace.swift in Sources */,
				5A0EF1F91FE5873300456285 /* WebViewController.swift in Sources */,
				874262ED1FD7C4360094618A /* WKJRuntime.swift in Sources */,
				878A4CA4202AA01700ED26E6 /* FactoryNamespace.swift in Sources */,
			);
			runOnlyForDeploymentPostprocessing = 0;
		};
/* End PBXSourcesBuildPhase section */

/* Begin PBXVariantGroup section */
		874262D31FD792CF0094618A /* Main.storyboard */ = {
			isa = PBXVariantGroup;
			children = (
				874262D41FD792CF0094618A /* Base */,
			);
			name = Main.storyboard;
			sourceTree = "<group>";
		};
		874262D81FD792CF0094618A /* LaunchScreen.storyboard */ = {
			isa = PBXVariantGroup;
			children = (
				874262D91FD792CF0094618A /* Base */,
			);
			name = LaunchScreen.storyboard;
			sourceTree = "<group>";
		};
/* End PBXVariantGroup section */

/* Begin XCBuildConfiguration section */
		874262DC1FD792CF0094618A /* Debug */ = {
			isa = XCBuildConfiguration;
			buildSettings = {
				ALWAYS_SEARCH_USER_PATHS = NO;
				CLANG_ANALYZER_NONNULL = YES;
				CLANG_ANALYZER_NUMBER_OBJECT_CONVERSION = YES_AGGRESSIVE;
				CLANG_CXX_LANGUAGE_STANDARD = "gnu++14";
				CLANG_CXX_LIBRARY = "libc++";
				CLANG_ENABLE_MODULES = YES;
				CLANG_ENABLE_OBJC_ARC = YES;
				CLANG_WARN_BLOCK_CAPTURE_AUTORELEASING = YES;
				CLANG_WARN_BOOL_CONVERSION = YES;
				CLANG_WARN_COMMA = YES;
				CLANG_WARN_CONSTANT_CONVERSION = YES;
				CLANG_WARN_DIRECT_OBJC_ISA_USAGE = YES_ERROR;
				CLANG_WARN_DOCUMENTATION_COMMENTS = YES;
				CLANG_WARN_EMPTY_BODY = YES;
				CLANG_WARN_ENUM_CONVERSION = YES;
				CLANG_WARN_INFINITE_RECURSION = YES;
				CLANG_WARN_INT_CONVERSION = YES;
				CLANG_WARN_NON_LITERAL_NULL_CONVERSION = YES;
				CLANG_WARN_OBJC_LITERAL_CONVERSION = YES;
				CLANG_WARN_OBJC_ROOT_CLASS = YES_ERROR;
				CLANG_WARN_RANGE_LOOP_ANALYSIS = YES;
				CLANG_WARN_STRICT_PROTOTYPES = YES;
				CLANG_WARN_SUSPICIOUS_MOVE = YES;
				CLANG_WARN_UNGUARDED_AVAILABILITY = YES_AGGRESSIVE;
				CLANG_WARN_UNREACHABLE_CODE = YES;
				CLANG_WARN__DUPLICATE_METHOD_MATCH = YES;
				CODE_SIGN_IDENTITY = "iPhone Developer";
				COPY_PHASE_STRIP = NO;
				DEBUG_INFORMATION_FORMAT = dwarf;
				ENABLE_STRICT_OBJC_MSGSEND = YES;
				ENABLE_TESTABILITY = YES;
				GCC_C_LANGUAGE_STANDARD = gnu11;
				GCC_DYNAMIC_NO_PIC = NO;
				GCC_NO_COMMON_BLOCKS = YES;
				GCC_OPTIMIZATION_LEVEL = 0;
				GCC_PREPROCESSOR_DEFINITIONS = (
					"DEBUG=1",
					"$(inherited)",
				);
				GCC_WARN_64_TO_32_BIT_CONVERSION = YES;
				GCC_WARN_ABOUT_RETURN_TYPE = YES_ERROR;
				GCC_WARN_UNDECLARED_SELECTOR = YES;
				GCC_WARN_UNINITIALIZED_AUTOS = YES_AGGRESSIVE;
				GCC_WARN_UNUSED_FUNCTION = YES;
				GCC_WARN_UNUSED_VARIABLE = YES;
				IPHONEOS_DEPLOYMENT_TARGET = 11.2;
				MTL_ENABLE_DEBUG_INFO = YES;
				ONLY_ACTIVE_ARCH = YES;
				SDKROOT = iphoneos;
				SWIFT_ACTIVE_COMPILATION_CONDITIONS = DEBUG;
				SWIFT_OPTIMIZATION_LEVEL = "-Onone";
			};
			name = Debug;
		};
		874262DD1FD792CF0094618A /* Release */ = {
			isa = XCBuildConfiguration;
			buildSettings = {
				ALWAYS_SEARCH_USER_PATHS = NO;
				CLANG_ANALYZER_NONNULL = YES;
				CLANG_ANALYZER_NUMBER_OBJECT_CONVERSION = YES_AGGRESSIVE;
				CLANG_CXX_LANGUAGE_STANDARD = "gnu++14";
				CLANG_CXX_LIBRARY = "libc++";
				CLANG_ENABLE_MODULES = YES;
				CLANG_ENABLE_OBJC_ARC = YES;
				CLANG_WARN_BLOCK_CAPTURE_AUTORELEASING = YES;
				CLANG_WARN_BOOL_CONVERSION = YES;
				CLANG_WARN_COMMA = YES;
				CLANG_WARN_CONSTANT_CONVERSION = YES;
				CLANG_WARN_DIRECT_OBJC_ISA_USAGE = YES_ERROR;
				CLANG_WARN_DOCUMENTATION_COMMENTS = YES;
				CLANG_WARN_EMPTY_BODY = YES;
				CLANG_WARN_ENUM_CONVERSION = YES;
				CLANG_WARN_INFINITE_RECURSION = YES;
				CLANG_WARN_INT_CONVERSION = YES;
				CLANG_WARN_NON_LITERAL_NULL_CONVERSION = YES;
				CLANG_WARN_OBJC_LITERAL_CONVERSION = YES;
				CLANG_WARN_OBJC_ROOT_CLASS = YES_ERROR;
				CLANG_WARN_RANGE_LOOP_ANALYSIS = YES;
				CLANG_WARN_STRICT_PROTOTYPES = YES;
				CLANG_WARN_SUSPICIOUS_MOVE = YES;
				CLANG_WARN_UNGUARDED_AVAILABILITY = YES_AGGRESSIVE;
				CLANG_WARN_UNREACHABLE_CODE = YES;
				CLANG_WARN__DUPLICATE_METHOD_MATCH = YES;
				CODE_SIGN_IDENTITY = "iPhone Developer";
				COPY_PHASE_STRIP = NO;
				DEBUG_INFORMATION_FORMAT = "dwarf-with-dsym";
				ENABLE_NS_ASSERTIONS = NO;
				ENABLE_STRICT_OBJC_MSGSEND = YES;
				GCC_C_LANGUAGE_STANDARD = gnu11;
				GCC_NO_COMMON_BLOCKS = YES;
				GCC_WARN_64_TO_32_BIT_CONVERSION = YES;
				GCC_WARN_ABOUT_RETURN_TYPE = YES_ERROR;
				GCC_WARN_UNDECLARED_SELECTOR = YES;
				GCC_WARN_UNINITIALIZED_AUTOS = YES_AGGRESSIVE;
				GCC_WARN_UNUSED_FUNCTION = YES;
				GCC_WARN_UNUSED_VARIABLE = YES;
				IPHONEOS_DEPLOYMENT_TARGET = 11.2;
				MTL_ENABLE_DEBUG_INFO = NO;
				SDKROOT = iphoneos;
				SWIFT_OPTIMIZATION_LEVEL = "-Owholemodule";
				VALIDATE_PRODUCT = YES;
			};
			name = Release;
		};
		874262DF1FD792CF0094618A /* Debug */ = {
			isa = XCBuildConfiguration;
			buildSettings = {
				ASSETCATALOG_COMPILER_APPICON_NAME = AppIcon;
				CODE_SIGN_STYLE = Automatic;
				INFOPLIST_FILE = WKJoint/Info.plist;
				IPHONEOS_DEPLOYMENT_TARGET = 9.0;
				LD_RUNPATH_SEARCH_PATHS = "$(inherited) @executable_path/Frameworks";
				PRODUCT_BUNDLE_IDENTIFIER = com.mgenware.WKJoint;
				PRODUCT_NAME = "$(TARGET_NAME)";
				SWIFT_VERSION = 4.0;
				TARGETED_DEVICE_FAMILY = "1,2";
			};
			name = Debug;
		};
		874262E01FD792CF0094618A /* Release */ = {
			isa = XCBuildConfiguration;
			buildSettings = {
				ASSETCATALOG_COMPILER_APPICON_NAME = AppIcon;
				CODE_SIGN_STYLE = Automatic;
				INFOPLIST_FILE = WKJoint/Info.plist;
				IPHONEOS_DEPLOYMENT_TARGET = 9.0;
				LD_RUNPATH_SEARCH_PATHS = "$(inherited) @executable_path/Frameworks";
				PRODUCT_BUNDLE_IDENTIFIER = com.mgenware.WKJoint;
				PRODUCT_NAME = "$(TARGET_NAME)";
				SWIFT_VERSION = 4.0;
				TARGETED_DEVICE_FAMILY = "1,2";
			};
			name = Release;
		};
/* End XCBuildConfiguration section */

/* Begin XCConfigurationList section */
		874262C71FD792CF0094618A /* Build configuration list for PBXProject "WKJoint" */ = {
			isa = XCConfigurationList;
			buildConfigurations = (
				874262DC1FD792CF0094618A /* Debug */,
				874262DD1FD792CF0094618A /* Release */,
			);
			defaultConfigurationIsVisible = 0;
			defaultConfigurationName = Release;
		};
		874262DE1FD792CF0094618A /* Build configuration list for PBXNativeTarget "WKJoint" */ = {
			isa = XCConfigurationList;
			buildConfigurations = (
				874262DF1FD792CF0094618A /* Debug */,
				874262E01FD792CF0094618A /* Release */,
			);
			defaultConfigurationIsVisible = 0;
			defaultConfigurationName = Release;
		};
/* End XCConfigurationList section */
	};
	rootObject = 874262C41FD792CF0094618A /* Project object */;
}
